
Microsoft Visual Studio Solution File, Format Version 12.00
Project("{FAE04EC0-301F-11D3-BF4B-00C04F79EFBC}") = "Tracker.API", "Tracker.API\Tracker.API.csproj", "{F62AEF3D-3BD3-4999-8121-0B5613E87EF7}"
EndProject
Project("{FAE04EC0-301F-11D3-BF4B-00C04F79EFBC}") = "Tracker.DAL", "Tracker.DAL\Tracker.DAL.csproj", "{F4596A30-2638-4BB3-B2B2-DF0EF6D41AFC}"
EndProject
Project("{FAE04EC0-301F-11D3-BF4B-00C04F79EFBC}") = "Tracker.Tests", "Tracker.Tests\Tracker.Tests.csproj", "{B0F019A5-6E3E-4AAA-A283-CEE7A379A0CE}"
EndProject
Global
	GlobalSection(SolutionConfigurationPlatforms) = preSolution
		Debug|Any CPU = Debug|Any CPU
		Release|Any CPU = Release|Any CPU
		Staging|Any CPU = Staging|Any CPU
	EndGlobalSection
	GlobalSection(ProjectConfigurationPlatforms) = postSolution
		{F62AEF3D-3BD3-4999-8121-0B5613E87EF7}.Debug|Any CPU.ActiveCfg = Debug|Any CPU
		{F62AEF3D-3BD3-4999-8121-0B5613E87EF7}.Debug|Any CPU.Build.0 = Debug|Any CPU
		{F62AEF3D-3BD3-4999-8121-0B5613E87EF7}.Release|Any CPU.ActiveCfg = Release|Any CPU
		{F62AEF3D-3BD3-4999-8121-0B5613E87EF7}.Release|Any CPU.Build.0 = Release|Any CPU
		{F62AEF3D-3BD3-4999-8121-0B5613E87EF7}.Debug|Any CPU.Deploy.0 = Debug|Any CPU
		{F62AEF3D-3BD3-4999-8121-0B5613E87EF7}.Release|Any CPU.Deploy.0 = Release|Any CPU
		{F62AEF3D-3BD3-4999-8121-0B5613E87EF7}.Staging|Any CPU.ActiveCfg = Staging|Any CPU
		{F62AEF3D-3BD3-4999-8121-0B5613E87EF7}.Staging|Any CPU.Build.0 = Staging|Any CPU
		{F4596A30-2638-4BB3-B2B2-DF0EF6D41AFC}.Debug|Any CPU.ActiveCfg = Debug|Any CPU
		{F4596A30-2638-4BB3-B2B2-DF0EF6D41AFC}.Debug|Any CPU.Build.0 = Debug|Any CPU
		{F4596A30-2638-4BB3-B2B2-DF0EF6D41AFC}.Release|Any CPU.ActiveCfg = Release|Any CPU
		{F4596A30-2638-4BB3-B2B2-DF0EF6D41AFC}.Release|Any CPU.Build.0 = Release|Any CPU
		{F4596A30-2638-4BB3-B2B2-DF0EF6D41AFC}.Debug|Any CPU.Deploy.0 = Debug|Any CPU
		{F4596A30-2638-4BB3-B2B2-DF0EF6D41AFC}.Release|Any CPU.Deploy.0 = Release|Any CPU
		{F4596A30-2638-4BB3-B2B2-DF0EF6D41AFC}.Staging|Any CPU.ActiveCfg = Staging|Any CPU
		{F4596A30-2638-4BB3-B2B2-DF0EF6D41AFC}.Staging|Any CPU.Build.0 = Staging|Any CPU
		{B0F019A5-6E3E-4AAA-A283-CEE7A379A0CE}.Debug|Any CPU.ActiveCfg = Debug|Any CPU
		{B0F019A5-6E3E-4AAA-A283-CEE7A379A0CE}.Debug|Any CPU.Build.0 = Debug|Any CPU
		{B0F019A5-6E3E-4AAA-A283-CEE7A379A0CE}.Release|Any CPU.ActiveCfg = Release|Any CPU
		{B0F019A5-6E3E-4AAA-A283-CEE7A379A0CE}.Release|Any CPU.Build.0 = Release|Any CPU
		{B0F019A5-6E3E-4AAA-A283-CEE7A379A0CE}.Staging|Any CPU.ActiveCfg = Debug|Any CPU
		{B0F019A5-6E3E-4AAA-A283-CEE7A379A0CE}.Staging|Any CPU.Build.0 = Debug|Any CPU
	EndGlobalSection
EndGlobal
